// !$*UTF8*$!
{
	archiveVersion = 1;
	classes = {
	};
	objectVersion = 55;
	objects = {

/* Begin PBXBuildFile section */
		42B24AAE17C4EDA5CA5854C3 /* Pods_WeatherForecast.framework in Frameworks */ = {isa = PBXBuildFile; fileRef = DBDE54B7F03FCAB3CE30CB66 /* Pods_WeatherForecast.framework */; };
		53CA9397527C5593384862F3 /* Pods_WeatherForecast_WeatherForecastUITests.framework in Frameworks */ = {isa = PBXBuildFile; fileRef = 642A75CDC99853EC54769442 /* Pods_WeatherForecast_WeatherForecastUITests.framework */; };
		900D8E0128347F7800955D5E /* AppDelegate.swift in Sources */ = {isa = PBXBuildFile; fileRef = 900D8E0028347F7800955D5E /* AppDelegate.swift */; };
		900D8E0328347F7800955D5E /* SceneDelegate.swift in Sources */ = {isa = PBXBuildFile; fileRef = 900D8E0228347F7800955D5E /* SceneDelegate.swift */; };
		900D8E0528347F7800955D5E /* ViewController.swift in Sources */ = {isa = PBXBuildFile; fileRef = 900D8E0428347F7800955D5E /* ViewController.swift */; };
		900D8E0828347F7800955D5E /* Main.storyboard in Resources */ = {isa = PBXBuildFile; fileRef = 900D8E0628347F7800955D5E /* Main.storyboard */; };
		900D8E0A28347F7A00955D5E /* Assets.xcassets in Resources */ = {isa = PBXBuildFile; fileRef = 900D8E0928347F7A00955D5E /* Assets.xcassets */; };
		900D8E0D28347F7A00955D5E /* LaunchScreen.storyboard in Resources */ = {isa = PBXBuildFile; fileRef = 900D8E0B28347F7A00955D5E /* LaunchScreen.storyboard */; };
		900D8E1828347F7A00955D5E /* WeatherForecastTests.swift in Sources */ = {isa = PBXBuildFile; fileRef = 900D8E1728347F7A00955D5E /* WeatherForecastTests.swift */; };
		900D8E2228347F7A00955D5E /* WeatherForecastUITests.swift in Sources */ = {isa = PBXBuildFile; fileRef = 900D8E2128347F7A00955D5E /* WeatherForecastUITests.swift */; };
		900D8E2428347F7A00955D5E /* WeatherForecastUITestsLaunchTests.swift in Sources */ = {isa = PBXBuildFile; fileRef = 900D8E2328347F7A00955D5E /* WeatherForecastUITestsLaunchTests.swift */; };
		C210D63F68929D63DF789F11 /* Pods_WeatherForecastTests.framework in Frameworks */ = {isa = PBXBuildFile; fileRef = D28820376F192EB2E6BD5749 /* Pods_WeatherForecastTests.framework */; };
/* End PBXBuildFile section */

/* Begin PBXContainerItemProxy section */
		900D8E1428347F7A00955D5E /* PBXContainerItemProxy */ = {
			isa = PBXContainerItemProxy;
			containerPortal = 900D8DF528347F7800955D5E /* Project object */;
			proxyType = 1;
			remoteGlobalIDString = 900D8DFC28347F7800955D5E;
			remoteInfo = WeatherForecast;
		};
		900D8E1E28347F7A00955D5E /* PBXContainerItemProxy */ = {
			isa = PBXContainerItemProxy;
			containerPortal = 900D8DF528347F7800955D5E /* Project object */;
			proxyType = 1;
			remoteGlobalIDString = 900D8DFC28347F7800955D5E;
			remoteInfo = WeatherForecast;
		};
/* End PBXContainerItemProxy section */

/* Begin PBXFileReference section */
		1526E1AC93CD704E3127CC83 /* Pods-WeatherForecastTests.release.xcconfig */ = {isa = PBXFileReference; includeInIndex = 1; lastKnownFileType = text.xcconfig; name = "Pods-WeatherForecastTests.release.xcconfig"; path = "Target Support Files/Pods-WeatherForecastTests/Pods-WeatherForecastTests.release.xcconfig"; sourceTree = "<group>"; };
		2CDDDD33007A874BA8BDE336 /* Pods-WeatherForecastTests.debug.xcconfig */ = {isa = PBXFileReference; includeInIndex = 1; lastKnownFileType = text.xcconfig; name = "Pods-WeatherForecastTests.debug.xcconfig"; path = "Target Support Files/Pods-WeatherForecastTests/Pods-WeatherForecastTests.debug.xcconfig"; sourceTree = "<group>"; };
		642A75CDC99853EC54769442 /* Pods_WeatherForecast_WeatherForecastUITests.framework */ = {isa = PBXFileReference; explicitFileType = wrapper.framework; includeInIndex = 0; path = Pods_WeatherForecast_WeatherForecastUITests.framework; sourceTree = BUILT_PRODUCTS_DIR; };
		900D8DFD28347F7800955D5E /* WeatherForecast.app */ = {isa = PBXFileReference; explicitFileType = wrapper.application; includeInIndex = 0; path = WeatherForecast.app; sourceTree = BUILT_PRODUCTS_DIR; };
		900D8E0028347F7800955D5E /* AppDelegate.swift */ = {isa = PBXFileReference; lastKnownFileType = sourcecode.swift; path = AppDelegate.swift; sourceTree = "<group>"; };
		900D8E0228347F7800955D5E /* SceneDelegate.swift */ = {isa = PBXFileReference; lastKnownFileType = sourcecode.swift; path = SceneDelegate.swift; sourceTree = "<group>"; };
		900D8E0428347F7800955D5E /* ViewController.swift */ = {isa = PBXFileReference; lastKnownFileType = sourcecode.swift; path = ViewController.swift; sourceTree = "<group>"; };
		900D8E0728347F7800955D5E /* Base */ = {isa = PBXFileReference; lastKnownFileType = file.storyboard; name = Base; path = Base.lproj/Main.storyboard; sourceTree = "<group>"; };
		900D8E0928347F7A00955D5E /* Assets.xcassets */ = {isa = PBXFileReference; lastKnownFileType = folder.assetcatalog; path = Assets.xcassets; sourceTree = "<group>"; };
		900D8E0C28347F7A00955D5E /* Base */ = {isa = PBXFileReference; lastKnownFileType = file.storyboard; name = Base; path = Base.lproj/LaunchScreen.storyboard; sourceTree = "<group>"; };
		900D8E0E28347F7A00955D5E /* Info.plist */ = {isa = PBXFileReference; lastKnownFileType = text.plist.xml; path = Info.plist; sourceTree = "<group>"; };
		900D8E1328347F7A00955D5E /* WeatherForecastTests.xctest */ = {isa = PBXFileReference; explicitFileType = wrapper.cfbundle; includeInIndex = 0; path = WeatherForecastTests.xctest; sourceTree = BUILT_PRODUCTS_DIR; };
		900D8E1728347F7A00955D5E /* WeatherForecastTests.swift */ = {isa = PBXFileReference; lastKnownFileType = sourcecode.swift; path = WeatherForecastTests.swift; sourceTree = "<group>"; };
		900D8E1D28347F7A00955D5E /* WeatherForecastUITests.xctest */ = {isa = PBXFileReference; explicitFileType = wrapper.cfbundle; includeInIndex = 0; path = WeatherForecastUITests.xctest; sourceTree = BUILT_PRODUCTS_DIR; };
		900D8E2128347F7A00955D5E /* WeatherForecastUITests.swift */ = {isa = PBXFileReference; lastKnownFileType = sourcecode.swift; path = WeatherForecastUITests.swift; sourceTree = "<group>"; };
		900D8E2328347F7A00955D5E /* WeatherForecastUITestsLaunchTests.swift */ = {isa = PBXFileReference; lastKnownFileType = sourcecode.swift; path = WeatherForecastUITestsLaunchTests.swift; sourceTree = "<group>"; };
		A83F40B341D97969B6646F5F /* Pods-WeatherForecast.release.xcconfig */ = {isa = PBXFileReference; includeInIndex = 1; lastKnownFileType = text.xcconfig; name = "Pods-WeatherForecast.release.xcconfig"; path = "Target Support Files/Pods-WeatherForecast/Pods-WeatherForecast.release.xcconfig"; sourceTree = "<group>"; };
		D28820376F192EB2E6BD5749 /* Pods_WeatherForecastTests.framework */ = {isa = PBXFileReference; explicitFileType = wrapper.framework; includeInIndex = 0; path = Pods_WeatherForecastTests.framework; sourceTree = BUILT_PRODUCTS_DIR; };
		DBDE54B7F03FCAB3CE30CB66 /* Pods_WeatherForecast.framework */ = {isa = PBXFileReference; explicitFileType = wrapper.framework; includeInIndex = 0; path = Pods_WeatherForecast.framework; sourceTree = BUILT_PRODUCTS_DIR; };
		E8BF1057FD8E485A0F38E04E /* Pods-WeatherForecast-WeatherForecastUITests.release.xcconfig */ = {isa = PBXFileReference; includeInIndex = 1; lastKnownFileType = text.xcconfig; name = "Pods-WeatherForecast-WeatherForecastUITests.release.xcconfig"; path = "Target Support Files/Pods-WeatherForecast-WeatherForecastUITests/Pods-WeatherForecast-WeatherForecastUITests.release.xcconfig"; sourceTree = "<group>"; };
		ECB8A3E4D72083D07AEB708E /* Pods-WeatherForecast-WeatherForecastUITests.debug.xcconfig */ = {isa = PBXFileReference; includeInIndex = 1; lastKnownFileType = text.xcconfig; name = "Pods-WeatherForecast-WeatherForecastUITests.debug.xcconfig"; path = "Target Support Files/Pods-WeatherForecast-WeatherForecastUITests/Pods-WeatherForecast-WeatherForecastUITests.debug.xcconfig"; sourceTree = "<group>"; };
		F4D1AD729C4CAEAB1EC49E21 /* Pods-WeatherForecast.debug.xcconfig */ = {isa = PBXFileReference; includeInIndex = 1; lastKnownFileType = text.xcconfig; name = "Pods-WeatherForecast.debug.xcconfig"; path = "Target Support Files/Pods-WeatherForecast/Pods-WeatherForecast.debug.xcconfig"; sourceTree = "<group>"; };
/* End PBXFileReference section */

/* Begin PBXFrameworksBuildPhase section */
		900D8DFA28347F7800955D5E /* Frameworks */ = {
			isa = PBXFrameworksBuildPhase;
			buildActionMask = 2147483647;
			files = (
				42B24AAE17C4EDA5CA5854C3 /* Pods_WeatherForecast.framework in Frameworks */,
			);
			runOnlyForDeploymentPostprocessing = 0;
		};
		900D8E1028347F7A00955D5E /* Frameworks */ = {
			isa = PBXFrameworksBuildPhase;
			buildActionMask = 2147483647;
			files = (
				C210D63F68929D63DF789F11 /* Pods_WeatherForecastTests.framework in Frameworks */,
			);
			runOnlyForDeploymentPostprocessing = 0;
		};
		900D8E1A28347F7A00955D5E /* Frameworks */ = {
			isa = PBXFrameworksBuildPhase;
			buildActionMask = 2147483647;
			files = (
				53CA9397527C5593384862F3 /* Pods_WeatherForecast_WeatherForecastUITests.framework in Frameworks */,
			);
			runOnlyForDeploymentPostprocessing = 0;
		};
/* End PBXFrameworksBuildPhase section */

/* Begin PBXGroup section */
		0CA1BFFCB1544F2B07D54A71 /* Pods */ = {
			isa = PBXGroup;
			children = (
				F4D1AD729C4CAEAB1EC49E21 /* Pods-WeatherForecast.debug.xcconfig */,
				A83F40B341D97969B6646F5F /* Pods-WeatherForecast.release.xcconfig */,
				ECB8A3E4D72083D07AEB708E /* Pods-WeatherForecast-WeatherForecastUITests.debug.xcconfig */,
				E8BF1057FD8E485A0F38E04E /* Pods-WeatherForecast-WeatherForecastUITests.release.xcconfig */,
				2CDDDD33007A874BA8BDE336 /* Pods-WeatherForecastTests.debug.xcconfig */,
				1526E1AC93CD704E3127CC83 /* Pods-WeatherForecastTests.release.xcconfig */,
			);
			name = Pods;
			path = Pods;
			sourceTree = "<group>";
		};
		7671DF8ADC23CC4F6A4256A6 /* Frameworks */ = {
			isa = PBXGroup;
			children = (
				DBDE54B7F03FCAB3CE30CB66 /* Pods_WeatherForecast.framework */,
				642A75CDC99853EC54769442 /* Pods_WeatherForecast_WeatherForecastUITests.framework */,
				D28820376F192EB2E6BD5749 /* Pods_WeatherForecastTests.framework */,
			);
			name = Frameworks;
			sourceTree = "<group>";
		};
		900D8DF428347F7800955D5E = {
			isa = PBXGroup;
			children = (
				900D8DFF28347F7800955D5E /* WeatherForecast */,
				900D8E1628347F7A00955D5E /* WeatherForecastTests */,
				900D8E2028347F7A00955D5E /* WeatherForecastUITests */,
				900D8DFE28347F7800955D5E /* Products */,
				0CA1BFFCB1544F2B07D54A71 /* Pods */,
				7671DF8ADC23CC4F6A4256A6 /* Frameworks */,
			);
			sourceTree = "<group>";
		};
		900D8DFE28347F7800955D5E /* Products */ = {
			isa = PBXGroup;
			children = (
				900D8DFD28347F7800955D5E /* WeatherForecast.app */,
				900D8E1328347F7A00955D5E /* WeatherForecastTests.xctest */,
				900D8E1D28347F7A00955D5E /* WeatherForecastUITests.xctest */,
			);
			name = Products;
			sourceTree = "<group>";
		};
		900D8DFF28347F7800955D5E /* WeatherForecast */ = {
			isa = PBXGroup;
			children = (
				900D8E0028347F7800955D5E /* AppDelegate.swift */,
				900D8E0228347F7800955D5E /* SceneDelegate.swift */,
				900D8E0428347F7800955D5E /* ViewController.swift */,
				900D8E0628347F7800955D5E /* Main.storyboard */,
				900D8E0928347F7A00955D5E /* Assets.xcassets */,
				900D8E0B28347F7A00955D5E /* LaunchScreen.storyboard */,
				900D8E0E28347F7A00955D5E /* Info.plist */,
			);
			path = WeatherForecast;
			sourceTree = "<group>";
		};
		900D8E1628347F7A00955D5E /* WeatherForecastTests */ = {
			isa = PBXGroup;
			children = (
				900D8E1728347F7A00955D5E /* WeatherForecastTests.swift */,
			);
			path = WeatherForecastTests;
			sourceTree = "<group>";
		};
		900D8E2028347F7A00955D5E /* WeatherForecastUITests */ = {
			isa = PBXGroup;
			children = (
				900D8E2128347F7A00955D5E /* WeatherForecastUITests.swift */,
				900D8E2328347F7A00955D5E /* WeatherForecastUITestsLaunchTests.swift */,
			);
			path = WeatherForecastUITests;
			sourceTree = "<group>";
		};
/* End PBXGroup section */

/* Begin PBXNativeTarget section */
		900D8DFC28347F7800955D5E /* WeatherForecast */ = {
			isa = PBXNativeTarget;
			buildConfigurationList = 900D8E2728347F7A00955D5E /* Build configuration list for PBXNativeTarget "WeatherForecast" */;
			buildPhases = (
				5AF7C190A4AF4911E02081CA /* [CP] Check Pods Manifest.lock */,
				900D8DF928347F7800955D5E /* Sources */,
				900D8DFA28347F7800955D5E /* Frameworks */,
				900D8DFB28347F7800955D5E /* Resources */,
			);
			buildRules = (
			);
			dependencies = (
			);
			name = WeatherForecast;
			productName = WeatherForecast;
			productReference = 900D8DFD28347F7800955D5E /* WeatherForecast.app */;
			productType = "com.apple.product-type.application";
		};
		900D8E1228347F7A00955D5E /* WeatherForecastTests */ = {
			isa = PBXNativeTarget;
			buildConfigurationList = 900D8E2A28347F7A00955D5E /* Build configuration list for PBXNativeTarget "WeatherForecastTests" */;
			buildPhases = (
				66FF62DDF6B29ADD9624C6B2 /* [CP] Check Pods Manifest.lock */,
				900D8E0F28347F7A00955D5E /* Sources */,
				900D8E1028347F7A00955D5E /* Frameworks */,
				900D8E1128347F7A00955D5E /* Resources */,
			);
			buildRules = (
			);
			dependencies = (
				900D8E1528347F7A00955D5E /* PBXTargetDependency */,
			);
			name = WeatherForecastTests;
			productName = WeatherForecastTests;
			productReference = 900D8E1328347F7A00955D5E /* WeatherForecastTests.xctest */;
			productType = "com.apple.product-type.bundle.unit-test";
		};
		900D8E1C28347F7A00955D5E /* WeatherForecastUITests */ = {
			isa = PBXNativeTarget;
			buildConfigurationList = 900D8E2D28347F7A00955D5E /* Build configuration list for PBXNativeTarget "WeatherForecastUITests" */;
			buildPhases = (
				E229DBCA749E5D6398FE842E /* [CP] Check Pods Manifest.lock */,
				900D8E1928347F7A00955D5E /* Sources */,
				900D8E1A28347F7A00955D5E /* Frameworks */,
				900D8E1B28347F7A00955D5E /* Resources */,
			);
			buildRules = (
			);
			dependencies = (
				900D8E1F28347F7A00955D5E /* PBXTargetDependency */,
			);
			name = WeatherForecastUITests;
			productName = WeatherForecastUITests;
			productReference = 900D8E1D28347F7A00955D5E /* WeatherForecastUITests.xctest */;
			productType = "com.apple.product-type.bundle.ui-testing";
		};
/* End PBXNativeTarget section */

/* Begin PBXProject section */
		900D8DF528347F7800955D5E /* Project object */ = {
			isa = PBXProject;
			attributes = {
				BuildIndependentTargetsInParallel = 1;
				LastSwiftUpdateCheck = 1330;
				LastUpgradeCheck = 1330;
				TargetAttributes = {
					900D8DFC28347F7800955D5E = {
						CreatedOnToolsVersion = 13.3;
					};
					900D8E1228347F7A00955D5E = {
						CreatedOnToolsVersion = 13.3;
						TestTargetID = 900D8DFC28347F7800955D5E;
					};
					900D8E1C28347F7A00955D5E = {
						CreatedOnToolsVersion = 13.3;
						TestTargetID = 900D8DFC28347F7800955D5E;
					};
				};
			};
			buildConfigurationList = 900D8DF828347F7800955D5E /* Build configuration list for PBXProject "WeatherForecast" */;
			compatibilityVersion = "Xcode 13.0";
			developmentRegion = en;
			hasScannedForEncodings = 0;
			knownRegions = (
				en,
				Base,
			);
			mainGroup = 900D8DF428347F7800955D5E;
			productRefGroup = 900D8DFE28347F7800955D5E /* Products */;
			projectDirPath = "";
			projectRoot = "";
			targets = (
				900D8DFC28347F7800955D5E /* WeatherForecast */,
				900D8E1228347F7A00955D5E /* WeatherForecastTests */,
				900D8E1C28347F7A00955D5E /* WeatherForecastUITests */,
			);
		};
/* End PBXProject section */

/* Begin PBXResourcesBuildPhase section */
		900D8DFB28347F7800955D5E /* Resources */ = {
			isa = PBXResourcesBuildPhase;
			buildActionMask = 2147483647;
			files = (
				900D8E0D28347F7A00955D5E /* LaunchScreen.storyboard in Resources */,
				900D8E0A28347F7A00955D5E /* Assets.xcassets in Resources */,
				900D8E0828347F7800955D5E /* Main.storyboard in Resources */,
			);
			runOnlyForDeploymentPostprocessing = 0;
		};
		900D8E1128347F7A00955D5E /* Resources */ = {
			isa = PBXResourcesBuildPhase;
			buildActionMask = 2147483647;
			files = (
			);
			runOnlyForDeploymentPostprocessing = 0;
		};
		900D8E1B28347F7A00955D5E /* Resources */ = {
			isa = PBXResourcesBuildPhase;
			buildActionMask = 2147483647;
			files = (
			);
			runOnlyForDeploymentPostprocessing = 0;
		};
/* End PBXResourcesBuildPhase section */

/* Begin PBXShellScriptBuildPhase section */
		5AF7C190A4AF4911E02081CA /* [CP] Check Pods Manifest.lock */ = {
			isa = PBXShellScriptBuildPhase;
			buildActionMask = 2147483647;
			files = (
			);
			inputFileListPaths = (
			);
			inputPaths = (
				"${PODS_PODFILE_DIR_PATH}/Podfile.lock",
				"${PODS_ROOT}/Manifest.lock",
			);
			name = "[CP] Check Pods Manifest.lock";
			outputFileListPaths = (
			);
			outputPaths = (
				"$(DERIVED_FILE_DIR)/Pods-WeatherForecast-checkManifestLockResult.txt",
			);
			runOnlyForDeploymentPostprocessing = 0;
			shellPath = /bin/sh;
			shellScript = "diff \"${PODS_PODFILE_DIR_PATH}/Podfile.lock\" \"${PODS_ROOT}/Manifest.lock\" > /dev/null\nif [ $? != 0 ] ; then\n    # print error to STDERR\n    echo \"error: The sandbox is not in sync with the Podfile.lock. Run 'pod install' or update your CocoaPods installation.\" >&2\n    exit 1\nfi\n# This output is used by Xcode 'outputs' to avoid re-running this script phase.\necho \"SUCCESS\" > \"${SCRIPT_OUTPUT_FILE_0}\"\n";
			showEnvVarsInLog = 0;
		};
		66FF62DDF6B29ADD9624C6B2 /* [CP] Check Pods Manifest.lock */ = {
			isa = PBXShellScriptBuildPhase;
			buildActionMask = 2147483647;
			files = (
			);
			inputFileListPaths = (
			);
			inputPaths = (
				"${PODS_PODFILE_DIR_PATH}/Podfile.lock",
				"${PODS_ROOT}/Manifest.lock",
			);
			name = "[CP] Check Pods Manifest.lock";
			outputFileListPaths = (
			);
			outputPaths = (
				"$(DERIVED_FILE_DIR)/Pods-WeatherForecastTests-checkManifestLockResult.txt",
			);
			runOnlyForDeploymentPostprocessing = 0;
			shellPath = /bin/sh;
			shellScript = "diff \"${PODS_PODFILE_DIR_PATH}/Podfile.lock\" \"${PODS_ROOT}/Manifest.lock\" > /dev/null\nif [ $? != 0 ] ; then\n    # print error to STDERR\n    echo \"error: The sandbox is not in sync with the Podfile.lock. Run 'pod install' or update your CocoaPods installation.\" >&2\n    exit 1\nfi\n# This output is used by Xcode 'outputs' to avoid re-running this script phase.\necho \"SUCCESS\" > \"${SCRIPT_OUTPUT_FILE_0}\"\n";
			showEnvVarsInLog = 0;
		};
		E229DBCA749E5D6398FE842E /* [CP] Check Pods Manifest.lock */ = {
			isa = PBXShellScriptBuildPhase;
			buildActionMask = 2147483647;
			files = (
			);
			inputFileListPaths = (
			);
			inputPaths = (
				"${PODS_PODFILE_DIR_PATH}/Podfile.lock",
				"${PODS_ROOT}/Manifest.lock",
			);
			name = "[CP] Check Pods Manifest.lock";
			outputFileListPaths = (
			);
			outputPaths = (
				"$(DERIVED_FILE_DIR)/Pods-WeatherForecast-WeatherForecastUITests-checkManifestLockResult.txt",
			);
			runOnlyForDeploymentPostprocessing = 0;
			shellPath = /bin/sh;
			shellScript = "diff \"${PODS_PODFILE_DIR_PATH}/Podfile.lock\" \"${PODS_ROOT}/Manifest.lock\" > /dev/null\nif [ $? != 0 ] ; then\n    # print error to STDERR\n    echo \"error: The sandbox is not in sync with the Podfile.lock. Run 'pod install' or update your CocoaPods installation.\" >&2\n    exit 1\nfi\n# This output is used by Xcode 'outputs' to avoid re-running this script phase.\necho \"SUCCESS\" > \"${SCRIPT_OUTPUT_FILE_0}\"\n";
			showEnvVarsInLog = 0;
		};
/* End PBXShellScriptBuildPhase section */

/* Begin PBXSourcesBuildPhase section */
		900D8DF928347F7800955D5E /* Sources */ = {
			isa = PBXSourcesBuildPhase;
			buildActionMask = 2147483647;
			files = (
				900D8E0528347F7800955D5E /* ViewController.swift in Sources */,
				900D8E0128347F7800955D5E /* AppDelegate.swift in Sources */,
				900D8E0328347F7800955D5E /* SceneDelegate.swift in Sources */,
			);
			runOnlyForDeploymentPostprocessing = 0;
		};
		900D8E0F28347F7A00955D5E /* Sources */ = {
			isa = PBXSourcesBuildPhase;
			buildActionMask = 2147483647;
			files = (
				900D8E1828347F7A00955D5E /* WeatherForecastTests.swift in Sources */,
			);
			runOnlyForDeploymentPostprocessing = 0;
		};
		900D8E1928347F7A00955D5E /* Sources */ = {
			isa = PBXSourcesBuildPhase;
			buildActionMask = 2147483647;
			files = (
				900D8E2428347F7A00955D5E /* WeatherForecastUITestsLaunchTests.swift in Sources */,
				900D8E2228347F7A00955D5E /* WeatherForecastUITests.swift in Sources */,
			);
			runOnlyForDeploymentPostprocessing = 0;
		};
/* End PBXSourcesBuildPhase section */

/* Begin PBXTargetDependency section */
		900D8E1528347F7A00955D5E /* PBXTargetDependency */ = {
			isa = PBXTargetDependency;
			target = 900D8DFC28347F7800955D5E /* WeatherForecast */;
			targetProxy = 900D8E1428347F7A00955D5E /* PBXContainerItemProxy */;
		};
		900D8E1F28347F7A00955D5E /* PBXTargetDependency */ = {
			isa = PBXTargetDependency;
			target = 900D8DFC28347F7800955D5E /* WeatherForecast */;
			targetProxy = 900D8E1E28347F7A00955D5E /* PBXContainerItemProxy */;
		};
/* End PBXTargetDependency section */

/* Begin PBXVariantGroup section */
		900D8E0628347F7800955D5E /* Main.storyboard */ = {
			isa = PBXVariantGroup;
			children = (
				900D8E0728347F7800955D5E /* Base */,
			);
			name = Main.storyboard;
			sourceTree = "<group>";
		};
		900D8E0B28347F7A00955D5E /* LaunchScreen.storyboard */ = {
			isa = PBXVariantGroup;
			children = (
				900D8E0C28347F7A00955D5E /* Base */,
			);
			name = LaunchScreen.storyboard;
			sourceTree = "<group>";
		};
/* End PBXVariantGroup section */

/* Begin XCBuildConfiguration section */
		900D8E2528347F7A00955D5E /* Debug */ = {
			isa = XCBuildConfiguration;
			buildSettings = {
				ALWAYS_SEARCH_USER_PATHS = NO;
				CLANG_ANALYZER_NONNULL = YES;
				CLANG_ANALYZER_NUMBER_OBJECT_CONVERSION = YES_AGGRESSIVE;
				CLANG_CXX_LANGUAGE_STANDARD = "gnu++17";
				CLANG_ENABLE_MODULES = YES;
				CLANG_ENABLE_OBJC_ARC = YES;
				CLANG_ENABLE_OBJC_WEAK = YES;
				CLANG_WARN_BLOCK_CAPTURE_AUTORELEASING = YES;
				CLANG_WARN_BOOL_CONVERSION = YES;
				CLANG_WARN_COMMA = YES;
				CLANG_WARN_CONSTANT_CONVERSION = YES;
				CLANG_WARN_DEPRECATED_OBJC_IMPLEMENTATIONS = YES;
				CLANG_WARN_DIRECT_OBJC_ISA_USAGE = YES_ERROR;
				CLANG_WARN_DOCUMENTATION_COMMENTS = YES;
				CLANG_WARN_EMPTY_BODY = YES;
				CLANG_WARN_ENUM_CONVERSION = YES;
				CLANG_WARN_INFINITE_RECURSION = YES;
				CLANG_WARN_INT_CONVERSION = YES;
				CLANG_WARN_NON_LITERAL_NULL_CONVERSION = YES;
				CLANG_WARN_OBJC_IMPLICIT_RETAIN_SELF = YES;
				CLANG_WARN_OBJC_LITERAL_CONVERSION = YES;
				CLANG_WARN_OBJC_ROOT_CLASS = YES_ERROR;
				CLANG_WARN_QUOTED_INCLUDE_IN_FRAMEWORK_HEADER = YES;
				CLANG_WARN_RANGE_LOOP_ANALYSIS = YES;
				CLANG_WARN_STRICT_PROTOTYPES = YES;
				CLANG_WARN_SUSPICIOUS_MOVE = YES;
				CLANG_WARN_UNGUARDED_AVAILABILITY = YES_AGGRESSIVE;
				CLANG_WARN_UNREACHABLE_CODE = YES;
				CLANG_WARN__DUPLICATE_METHOD_MATCH = YES;
				COPY_PHASE_STRIP = NO;
				DEBUG_INFORMATION_FORMAT = dwarf;
				ENABLE_STRICT_OBJC_MSGSEND = YES;
				ENABLE_TESTABILITY = YES;
				GCC_C_LANGUAGE_STANDARD = gnu11;
				GCC_DYNAMIC_NO_PIC = NO;
				GCC_NO_COMMON_BLOCKS = YES;
				GCC_OPTIMIZATION_LEVEL = 0;
				GCC_PREPROCESSOR_DEFINITIONS = (
					"DEBUG=1",
					"$(inherited)",
				);
				GCC_WARN_64_TO_32_BIT_CONVERSION = YES;
				GCC_WARN_ABOUT_RETURN_TYPE = YES_ERROR;
				GCC_WARN_UNDECLARED_SELECTOR = YES;
				GCC_WARN_UNINITIALIZED_AUTOS = YES_AGGRESSIVE;
				GCC_WARN_UNUSED_FUNCTION = YES;
				GCC_WARN_UNUSED_VARIABLE = YES;
				IPHONEOS_DEPLOYMENT_TARGET = 15.4;
				MTL_ENABLE_DEBUG_INFO = INCLUDE_SOURCE;
				MTL_FAST_MATH = YES;
				ONLY_ACTIVE_ARCH = YES;
				SDKROOT = iphoneos;
				SWIFT_ACTIVE_COMPILATION_CONDITIONS = DEBUG;
				SWIFT_OPTIMIZATION_LEVEL = "-Onone";
			};
			name = Debug;
		};
		900D8E2628347F7A00955D5E /* Release */ = {
			isa = XCBuildConfiguration;
			buildSettings = {
				ALWAYS_SEARCH_USER_PATHS = NO;
				CLANG_ANALYZER_NONNULL = YES;
				CLANG_ANALYZER_NUMBER_OBJECT_CONVERSION = YES_AGGRESSIVE;
				CLANG_CXX_LANGUAGE_STANDARD = "gnu++17";
				CLANG_ENABLE_MODULES = YES;
				CLANG_ENABLE_OBJC_ARC = YES;
				CLANG_ENABLE_OBJC_WEAK = YES;
				CLANG_WARN_BLOCK_CAPTURE_AUTORELEASING = YES;
				CLANG_WARN_BOOL_CONVERSION = YES;
				CLANG_WARN_COMMA = YES;
				CLANG_WARN_CONSTANT_CONVERSION = YES;
				CLANG_WARN_DEPRECATED_OBJC_IMPLEMENTATIONS = YES;
				CLANG_WARN_DIRECT_OBJC_ISA_USAGE = YES_ERROR;
				CLANG_WARN_DOCUMENTATION_COMMENTS = YES;
				CLANG_WARN_EMPTY_BODY = YES;
				CLANG_WARN_ENUM_CONVERSION = YES;
				CLANG_WARN_INFINITE_RECURSION = YES;
				CLANG_WARN_INT_CONVERSION = YES;
				CLANG_WARN_NON_LITERAL_NULL_CONVERSION = YES;
				CLANG_WARN_OBJC_IMPLICIT_RETAIN_SELF = YES;
				CLANG_WARN_OBJC_LITERAL_CONVERSION = YES;
				CLANG_WARN_OBJC_ROOT_CLASS = YES_ERROR;
				CLANG_WARN_QUOTED_INCLUDE_IN_FRAMEWORK_HEADER = YES;
				CLANG_WARN_RANGE_LOOP_ANALYSIS = YES;
				CLANG_WARN_STRICT_PROTOTYPES = YES;
				CLANG_WARN_SUSPICIOUS_MOVE = YES;
				CLANG_WARN_UNGUARDED_AVAILABILITY = YES_AGGRESSIVE;
				CLANG_WARN_UNREACHABLE_CODE = YES;
				CLANG_WARN__DUPLICATE_METHOD_MATCH = YES;
				COPY_PHASE_STRIP = NO;
				DEBUG_INFORMATION_FORMAT = "dwarf-with-dsym";
				ENABLE_NS_ASSERTIONS = NO;
				ENABLE_STRICT_OBJC_MSGSEND = YES;
				GCC_C_LANGUAGE_STANDARD = gnu11;
				GCC_NO_COMMON_BLOCKS = YES;
				GCC_WARN_64_TO_32_BIT_CONVERSION = YES;
				GCC_WARN_ABOUT_RETURN_TYPE = YES_ERROR;
				GCC_WARN_UNDECLARED_SELECTOR = YES;
				GCC_WARN_UNINITIALIZED_AUTOS = YES_AGGRESSIVE;
				GCC_WARN_UNUSED_FUNCTION = YES;
				GCC_WARN_UNUSED_VARIABLE = YES;
				IPHONEOS_DEPLOYMENT_TARGET = 15.4;
				MTL_ENABLE_DEBUG_INFO = NO;
				MTL_FAST_MATH = YES;
				SDKROOT = iphoneos;
				SWIFT_COMPILATION_MODE = wholemodule;
				SWIFT_OPTIMIZATION_LEVEL = "-O";
				VALIDATE_PRODUCT = YES;
			};
			name = Release;
		};
		900D8E2828347F7A00955D5E /* Debug */ = {
			isa = XCBuildConfiguration;
			baseConfigurationReference = F4D1AD729C4CAEAB1EC49E21 /* Pods-WeatherForecast.debug.xcconfig */;
			buildSettings = {
				ASSETCATALOG_COMPILER_APPICON_NAME = AppIcon;
				ASSETCATALOG_COMPILER_GLOBAL_ACCENT_COLOR_NAME = AccentColor;
				CODE_SIGN_STYLE = Automatic;
				CURRENT_PROJECT_VERSION = 1;
				DEVELOPMENT_TEAM = LLGGH876J5;
				GENERATE_INFOPLIST_FILE = YES;
				INFOPLIST_FILE = WeatherForecast/Info.plist;
				INFOPLIST_KEY_UIApplicationSupportsIndirectInputEvents = YES;
				INFOPLIST_KEY_UILaunchStoryboardName = LaunchScreen;
				INFOPLIST_KEY_UIMainStoryboardFile = Main;
				INFOPLIST_KEY_UISupportedInterfaceOrientations_iPad = "UIInterfaceOrientationPortrait UIInterfaceOrientationPortraitUpsideDown UIInterfaceOrientationLandscapeLeft UIInterfaceOrientationLandscapeRight";
				INFOPLIST_KEY_UISupportedInterfaceOrientations_iPhone = "UIInterfaceOrientationPortrait UIInterfaceOrientationLandscapeLeft UIInterfaceOrientationLandscapeRight";
				LD_RUNPATH_SEARCH_PATHS = (
					"$(inherited)",
					"@executable_path/Frameworks",
				);
				MARKETING_VERSION = 1.0;
				PRODUCT_BUNDLE_IDENTIFIER = com.sample.WeatherForecast;
				PRODUCT_NAME = "$(TARGET_NAME)";
				SWIFT_EMIT_LOC_STRINGS = YES;
				SWIFT_VERSION = 5.0;
				TARGETED_DEVICE_FAMILY = "1,2";
			};
			name = Debug;
		};
		900D8E2928347F7A00955D5E /* Release */ = {
			isa = XCBuildConfiguration;
			baseConfigurationReference = A83F40B341D97969B6646F5F /* Pods-WeatherForecast.release.xcconfig */;
			buildSettings = {
				ASSETCATALOG_COMPILER_APPICON_NAME = AppIcon;
				ASSETCATALOG_COMPILER_GLOBAL_ACCENT_COLOR_NAME = AccentColor;
				CODE_SIGN_STYLE = Automatic;
				CURRENT_PROJECT_VERSION = 1;
				DEVELOPMENT_TEAM = LLGGH876J5;
				GENERATE_INFOPLIST_FILE = YES;
				INFOPLIST_FILE = WeatherForecast/Info.plist;
				INFOPLIST_KEY_UIApplicationSupportsIndirectInputEvents = YES;
				INFOPLIST_KEY_UILaunchStoryboardName = LaunchScreen;
				INFOPLIST_KEY_UIMainStoryboardFile = Main;
				INFOPLIST_KEY_UISupportedInterfaceOrientations_iPad = "UIInterfaceOrientationPortrait UIInterfaceOrientationPortraitUpsideDown UIInterfaceOrientationLandscapeLeft UIInterfaceOrientationLandscapeRight";
				INFOPLIST_KEY_UISupportedInterfaceOrientations_iPhone = "UIInterfaceOrientationPortrait UIInterfaceOrientationLandscapeLeft UIInterfaceOrientationLandscapeRight";
				LD_RUNPATH_SEARCH_PATHS = (
					"$(inherited)",
					"@executable_path/Frameworks",
				);
				MARKETING_VERSION = 1.0;
				PRODUCT_BUNDLE_IDENTIFIER = com.sample.WeatherForecast;
				PRODUCT_NAME = "$(TARGET_NAME)";
				SWIFT_EMIT_LOC_STRINGS = YES;
				SWIFT_VERSION = 5.0;
				TARGETED_DEVICE_FAMILY = "1,2";
			};
			name = Release;
		};
		900D8E2B28347F7A00955D5E /* Debug */ = {
			isa = XCBuildConfiguration;
			baseConfigurationReference = 2CDDDD33007A874BA8BDE336 /* Pods-WeatherForecastTests.debug.xcconfig */;
			buildSettings = {
				ALWAYS_EMBED_SWIFT_STANDARD_LIBRARIES = YES;
				BUNDLE_LOADER = "$(TEST_HOST)";
				CODE_SIGN_STYLE = Automatic;
				CURRENT_PROJECT_VERSION = 1;
				DEVELOPMENT_TEAM = LLGGH876J5;
				GENERATE_INFOPLIST_FILE = YES;
				IPHONEOS_DEPLOYMENT_TARGET = 15.4;
				MARKETING_VERSION = 1.0;
				PRODUCT_BUNDLE_IDENTIFIER = com.sample.WeatherForecastTests;
				PRODUCT_NAME = "$(TARGET_NAME)";
				SWIFT_EMIT_LOC_STRINGS = NO;
				SWIFT_VERSION = 5.0;
				TARGETED_DEVICE_FAMILY = "1,2";
				TEST_HOST = "$(BUILT_PRODUCTS_DIR)/WeatherForecast.app/WeatherForecast";
			};
			name = Debug;
		};
		900D8E2C28347F7A00955D5E /* Release */ = {
			isa = XCBuildConfiguration;
			baseConfigurationReference = 1526E1AC93CD704E3127CC83 /* Pods-WeatherForecastTests.release.xcconfig */;
			buildSettings = {
				ALWAYS_EMBED_SWIFT_STANDARD_LIBRARIES = YES;
				BUNDLE_LOADER = "$(TEST_HOST)";
				CODE_SIGN_STYLE = Automatic;
				CURRENT_PROJECT_VERSION = 1;
				DEVELOPMENT_TEAM = LLGGH876J5;
				GENERATE_INFOPLIST_FILE = YES;
				IPHONEOS_DEPLOYMENT_TARGET = 15.4;
				MARKETING_VERSION = 1.0;
				PRODUCT_BUNDLE_IDENTIFIER = com.sample.WeatherForecastTests;
				PRODUCT_NAME = "$(TARGET_NAME)";
				SWIFT_EMIT_LOC_STRINGS = NO;
				SWIFT_VERSION = 5.0;
				TARGETED_DEVICE_FAMILY = "1,2";
				TEST_HOST = "$(BUILT_PRODUCTS_DIR)/WeatherForecast.app/WeatherForecast";
			};
			name = Release;
		};
		900D8E2E28347F7A00955D5E /* Debug */ = {
			isa = XCBuildConfiguration;
			baseConfigurationReference = ECB8A3E4D72083D07AEB708E /* Pods-WeatherForecast-WeatherForecastUITests.debug.xcconfig */;
			buildSettings = {
				ALWAYS_EMBED_SWIFT_STANDARD_LIBRARIES = YES;
				CODE_SIGN_STYLE = Automatic;
				CURRENT_PROJECT_VERSION = 1;
				DEVELOPMENT_TEAM = LLGGH876J5;
				GENERATE_INFOPLIST_FILE = YES;
				MARKETING_VERSION = 1.0;
				PRODUCT_BUNDLE_IDENTIFIER = com.sample.WeatherForecastUITests;
				PRODUCT_NAME = "$(TARGET_NAME)";
				SWIFT_EMIT_LOC_STRINGS = NO;
				SWIFT_VERSION = 5.0;
				TARGETED_DEVICE_FAMILY = "1,2";
				TEST_TARGET_NAME = WeatherForecast;
			};
			name = Debug;
		};
		900D8E2F28347F7A00955D5E /* Release */ = {
			isa = XCBuildConfiguration;
			baseConfigurationReference = E8BF1057FD8E485A0F38E04E /* Pods-WeatherForecast-WeatherForecastUITests.release.xcconfig */;
			buildSettings = {
				ALWAYS_EMBED_SWIFT_STANDARD_LIBRARIES = YES;
				CODE_SIGN_STYLE = Automatic;
				CURRENT_PROJECT_VERSION = 1;
				DEVELOPMENT_TEAM = LLGGH876J5;
				GENERATE_INFOPLIST_FILE = YES;
				MARKETING_VERSION = 1.0;
				PRODUCT_BUNDLE_IDENTIFIER = com.sample.WeatherForecastUITests;
				PRODUCT_NAME = "$(TARGET_NAME)";
				SWIFT_EMIT_LOC_STRINGS = NO;
				SWIFT_VERSION = 5.0;
				TARGETED_DEVICE_FAMILY = "1,2";
				TEST_TARGET_NAME = WeatherForecast;
			};
			name = Release;
		};
/* End XCBuildConfiguration section */

/* Begin XCConfigurationList section */
		900D8DF828347F7800955D5E /* Build configuration list for PBXProject "WeatherForecast" */ = {
			isa = XCConfigurationList;
			buildConfigurations = (
				900D8E2528347F7A00955D5E /* Debug */,
				900D8E2628347F7A00955D5E /* Release */,
			);
			defaultConfigurationIsVisible = 0;
			defaultConfigurationName = Release;
		};
		900D8E2728347F7A00955D5E /* Build configuration list for PBXNativeTarget "WeatherForecast" */ = {
			isa = XCConfigurationList;
			buildConfigurations = (
				900D8E2828347F7A00955D5E /* Debug */,
				900D8E2928347F7A00955D5E /* Release */,
			);
			defaultConfigurationIsVisible = 0;
			defaultConfigurationName = Release;
		};
		900D8E2A28347F7A00955D5E /* Build configuration list for PBXNativeTarget "WeatherForecastTests" */ = {
			isa = XCConfigurationList;
			buildConfigurations = (
				900D8E2B28347F7A00955D5E /* Debug */,
				900D8E2C28347F7A00955D5E /* Release */,
			);
			defaultConfigurationIsVisible = 0;
			defaultConfigurationName = Release;
		};
		900D8E2D28347F7A00955D5E /* Build configuration list for PBXNativeTarget "WeatherForecastUITests" */ = {
			isa = XCConfigurationList;
			buildConfigurations = (
				900D8E2E28347F7A00955D5E /* Debug */,
				900D8E2F28347F7A00955D5E /* Release */,
			);
			defaultConfigurationIsVisible = 0;
			defaultConfigurationName = Release;
		};
/* End XCConfigurationList section */
	};
	rootObject = 900D8DF528347F7800955D5E /* Project object */;
}
